{
  "nodes": {
    "crane": {
      "locked": {
        "lastModified": 1788465171,
        "narHash": "sha256-Y1/TTVXjYXGF068IThQH9fPSZ0SIE74PABlUxnWTUH0=",
        "owner": "ipetkov",
        "repo": "crane",
        "rev": "eb35abda9f232cc6610b1d1e3200d15c49b7ac54",
        "type": "github"
      },
      "original": {
        "owner": "ipetkov",
        "repo": "crane",
        "type": "github"
      }
    },
    "flake-parts": {
      "inputs": {
        "nixpkgs-lib": [
          "mcsr-nixos",
          "nixpkgs"
        ]
      },
      "locked": {
        "lastModified": 1769996383,
        "narHash": "sha256-AnYjnFWgS49RlqX7LrC4uA+sCCDBj0Ry/WOJ5XWAsa0=",
        "owner": "hercules-ci",
        "repo": "flake-parts",
        "rev": "57928607ea566b5db3ad13af0e57e921e6b12381",
        "type": "github"
      },
      "original": {
        "owner": "hercules-ci",
        "repo": "flake-parts",
        "type": "github"
      }
    },
    "home-manager": {
      "inputs": {
        "nixpkgs": [
          "nixpkgs"
        ]
      },
      "locked": {
        "lastModified": 1789695075,
        "narHash": "sha256-HREFWgmCTp28ZdMkSFOW2QW8uI17v5CNc04W46h6aPo=",
        "owner": "nix-community",
        "repo": "home-manager",
        "rev": "4ac5a2ae9025eab1ebece4f9df8c315fd84a738a",
        "type": "github"
      },
      "original": {
        "owner": "nix-community",
        "repo": "home-manager",
        "type": "github"
      }
    },
    "jay": {
      "inputs": {
        "crane": "crane",
        "nixpkgs": [
          "nixpkgs"
        ],
        "rust-overlay": "rust-overlay"
      },
      "locked": {
        "lastModified": 1788204881,
        "narHash": "sha256-ObBL0Er5LwLFUWoQ+XJbyJfRVLP6lXSfkGSMaW0plLY=",
        "owner": "Ktrompfl",
        "repo": "jay",
        "rev": "6ddb05a88ba16cde7689c3d8da05e4449effa498",
        "type": "github"
      },
      "original": {
        "owner": "Ktrompfl",
        "ref": "warp-mouse-to-outputs",
        "repo": "jay",
        "type": "github"
      }
    },
    "mcsr-nixos": {
      "inputs": {
        "flake-parts": "flake-parts",
        "nixpkgs": "nixpkgs"
      },
      "locked": {
        "lastModified": 1771661465,
        "narHash": "sha256-aBsbsGuaUfYR4VNbboLVXSESHzdF7htltnQZYfBlS78=",
        "ref": "refs/heads/main",
        "rev": "45c511a162755adff282a237a6f05f3c9bb1ad19",
        "revCount": 10,
        "type": "git",
        "url": "https://git.uku3lig.net/tom-ricci/mcsr-nixos.git"
      },
      "original": {
        "type": "git",
        "url": "https://git.uku3lig.net/tom-ricci/mcsr-nixos.git"
      }
    },
    "ninjabrain-bot-xwayland": {
      "inputs": {
        "nixpkgs": [
          "nixpkgs"
        ]
      },
      "locked": {
        "lastModified": 1788297689,
        "narHash": "sha256-75wTkwWsiKwY8CteeO+wBe9LQ4FEaprzS3EzJKEiWhw=",
        "owner": "Ktrompfl",
        "repo": "ninjabrain-bot-xwayland",
        "rev": "81b578d1d720a9610da17dc5b49c245e6cb20971",
        "type": "github"
      },
      "original": {
        "owner": "Ktrompfl",
        "repo": "ninjabrain-bot-xwayland",
        "type": "github"
      }
    },
    "nixpkgs": {
      "locked": {
        "lastModified": 1771008912,
        "narHash": "sha256-MUxwjvnO2hZitXm52phpSCcCv5Zx4DeVTAPZa8jcxtw=",
        "rev": "a82ccc39b39b621151d6732718e3e250109076fa",
        "type": "tarball",
        "url": "https://releases.nixos.org/nixos/unstable/nixos-26.05pre945868.a82ccc39b39b/nixexprs.tar.xz"
      },
      "original": {
        "type": "tarball",
        "url": "https://channels.nixos.org/nixos-unstable/nixexprs.tar.xz"
      }
    },
    "nixpkgs_2": {
      "locked": {
        "lastModified": 1789546076,
        "narHash": "sha256-zVxLZiSnmaaPLwnhj7pwmqe3axBg/C6nG5JZsJMh2g4=",
        "owner": "nixos",
        "repo": "nixpkgs",
        "rev": "b1b875982b17dabde9b4a37f3e229e74913e6db3",
        "type": "github"
      },
      "original": {
        "owner": "nixos",
        "ref": "nixos-unstable",
        "repo": "nixpkgs",
        "type": "github"
      }
    },
    "root": {
      "inputs": {
        "home-manager": "home-manager",
        "jay": "jay",
        "mcsr-nixos": "mcsr-nixos",
        "ninjabrain-bot-xwayland": "ninjabrain-bot-xwayland",
        "nixpkgs": "nixpkgs_2"
      }
    },
    "rust-overlay": {
      "inputs": {
        "nixpkgs": [
          "jay",
          "nixpkgs"
        ]
      },
      "locked": {
        "lastModified": 1789630063,
        "narHash": "sha256-hulcXtNnQVDTPXiC8dQpTX3FPHxklIfX7Cx2kd2GDrM=",
        "owner": "oxalica",
        "repo": "rust-overlay",
        "rev": "a1d497a9415999853809ba22a7959b1c36dc6554",
        "type": "github"
      },
      "original": {
        "owner": "oxalica",
        "repo": "rust-overlay",
        "type": "github"
      }
    }
  },
  "root": "root",
  "version": 7
}
